{
  "requires": true,
  "lockfileVersion": 1,
  "dependencies": {
    "@types/aws4": {
      "version": "1.11.6",
      "resolved": "https://registry.npmjs.org/@types/aws4/-/aws4-1.11.6.tgz",
      "integrity": "sha512-5CnVUkHNyLGpD9AnOcK66YyP0qvIh6nhJJoeK8zSl5YKikUcUbdB7SlHevUYVqicgeh6j5AJa1qa/h08dSZHoA==",
      "dev": true,
      "requires": {
        "@types/node": "*"
      }
    },
    "@types/body-parser": {
      "version": "1.19.5",
      "resolved": "https://registry.npmjs.org/@types/body-parser/-/body-parser-1.19.5.tgz",
      "integrity": "sha512-fB3Zu92ucau0iQ0JMCFQE7b/dv8Ot07NI3KaZIkIUNXq82k4eBAqUaneXfleGY9JWskeS9y+u0nXMyspcuQrCg==",
      "dev": true,
      "requires": {
        "@types/connect": "*",
        "@types/node": "*"
      }
    },
    "@types/bytes": {
      "version": "3.1.4",
      "resolved": "https://registry.npmjs.org/@types/bytes/-/bytes-3.1.4.tgz",
      "integrity": "sha512-A0uYgOj3zNc4hNjHc5lYUfJQ/HVyBXiUMKdXd7ysclaE6k9oJdavQzODHuwjpUu2/boCP8afjQYi8z/GtvNCWA==",
      "dev": true
    },
    "@types/caseless": {
      "version": "0.12.5",
      "resolved": "https://registry.npmjs.org/@types/caseless/-/caseless-0.12.5.tgz",
      "integrity": "sha512-hWtVTC2q7hc7xZ/RLbxapMvDMgUnDvKvMOpKal4DrMyfGBUfB1oKaZlIRr6mJL+If3bAP6sV/QneGzF6tJjZDg==",
      "dev": true
    },
    "@types/connect": {
      "version": "3.4.38",
      "resolved": "https://registry.npmjs.org/@types/connect/-/connect-3.4.38.tgz",
      "integrity": "sha512-K6uROf1LD88uDQqJCktA4yzL1YYAK6NgfsI0v/mTgyPKWsX1CnJ0XPSDhViejru1GcRkLWb8RlzFYJRqGUbaug==",
      "dev": true,
      "requires": {
        "@types/node": "*"
      }
    },
    "@types/content-type": {
      "version": "1.1.8",
      "resolved": "https://registry.npmjs.org/@types/content-type/-/content-type-1.1.8.tgz",
      "integrity": "sha512-1tBhmVUeso3+ahfyaKluXe38p+94lovUZdoVfQ3OnJo9uJC42JT7CBoN3k9HYhAae+GwiBYmHu+N9FZhOG+2Pg==",
      "dev": true
    },
    "@types/debug": {
      "version": "4.1.12",
      "resolved": "https://registry.npmjs.org/@types/debug/-/debug-4.1.12.tgz",
      "integrity": "sha512-vIChWdVG3LG1SMxEvI/AK+FWJthlrqlTu7fbrlywTkkaONwk/UAGaULXRlf8vkzFBLVm0zkMdCquhL5aOjhXPQ==",
      "dev": true,
      "requires": {
        "@types/ms": "*"
      }
    },
    "@types/depd": {
      "version": "1.1.36",
      "resolved": "https://registry.npmjs.org/@types/depd/-/depd-1.1.36.tgz",
      "integrity": "sha512-+apvfj5Bn6ORfud9XrgoIu6H6s2pTN+X8rQ2LgkA3YUXY+PiXkCJjizh8qxv8CrLtXlxw3NCmYrNbbeckVOQrA==",
      "dev": true,
      "requires": {
        "@types/node": "*"
      }
    },
    "@types/ejs": {
      "version": "3.1.5",
      "resolved": "https://registry.npmjs.org/@types/ejs/-/ejs-3.1.5.tgz",
      "integrity": "sha512-nv+GSx77ZtXiJzwKdsASqi+YQ5Z7vwHsTP0JY2SiQgjGckkBRKZnk8nIM+7oUZ1VCtuTz0+By4qVR7fqzp/Dfg==",
      "dev": true
    },
    "@types/express": {
      "version": "4.17.21",
      "resolved": "https://registry.npmjs.org/@types/express/-/express-4.17.21.tgz",
      "integrity": "sha512-ejlPM315qwLpaQlQDTjPdsUFSc6ZsP4AN6AlWnogPjQ7CVi7PYF3YVz+CY3jE2pwYf7E/7HlDAN0rV2GxTG0HQ==",
      "dev": true,
      "requires": {
        "@types/body-parser": "*",
        "@types/express-serve-static-core": "^4.17.33",
        "@types/qs": "*",
        "@types/serve-static": "*"
      }
    },
    "@types/express-serve-static-core": {
      "version": "4.19.0",
      "resolved": "https://registry.npmjs.org/@types/express-serve-static-core/-/express-serve-static-core-4.19.0.tgz",
      "integrity": "sha512-bGyep3JqPCRry1wq+O5n7oiBgGWmeIJXPjXXCo8EK0u8duZGSYar7cGqd3ML2JUsLGeB7fmc06KYo9fLGWqPvQ==",
      "dev": true,
      "requires": {
        "@types/node": "*",
        "@types/qs": "*",
        "@types/range-parser": "*",
        "@types/send": "*"
      }
    },
    "@types/extend": {
      "version": "3.0.4",
      "resolved": "https://registry.npmjs.org/@types/extend/-/extend-3.0.4.tgz",
      "integrity": "sha512-ArMouDUTJEz1SQRpFsT2rIw7DeqICFv5aaVzLSIYMYQSLcwcGOfT3VyglQs/p7K3F7fT4zxr0NWxYZIdifD6dA==",
      "dev": true
    },
    "@types/forever-agent": {
      "version": "0.6.4",
      "resolved": "https://registry.npmjs.org/@types/forever-agent/-/forever-agent-0.6.4.tgz",
      "integrity": "sha512-87fIzkJlHtyrDcxndPF9OziZM7PnK4pw2Lp7WXYULMhWLbXuefMw+NXp6baaXHO30V0bLTzEH+Q/ZZosl2ciBA==",
      "dev": true,
      "requires": {
        "@types/node": "*"
      }
    },
    "@types/http-errors": {
      "version": "2.0.4",
      "resolved": "https://registry.npmjs.org/@types/http-errors/-/http-errors-2.0.4.tgz",
      "integrity": "sha512-D0CFMMtydbJAegzOyHjtiKPLlvnm3iTZyZRSZoLq2mRhDdmLfIWOCYPfQJ4cu2erKghU++QvjcUjp/5h7hESpA==",
      "dev": true
    },
    "@types/http-signature": {
      "version": "1.3.3",
      "resolved": "https://registry.npmjs.org/@types/http-signature/-/http-signature-1.3.3.tgz",
      "integrity": "sha512-tCZkAzWDNXAN6dTkBIupjvWTrgc+oMzxT0+ZuYWLTsxapcsZCtCVVr8M20NNcrBY2He5DGpaPehFeFQhdlLYqg==",
      "dev": true,
      "requires": {
        "@types/node": "*"
      }
    },
    "@types/inherits": {
      "version": "0.0.33",
      "resolved": "https://registry.npmjs.org/@types/inherits/-/inherits-0.0.33.tgz",
      "integrity": "sha512-ICS/+dYTkt3D7GPBAKqAAFXpeoWOZ6CVhiOlcweN4t3gZd8joVIy43KWsKGPL+d2Rvxunhz80Z7zlZhmR/q+GQ==",
      "dev": true,
      "requires": {
        "@types/node": "*"
      }
    },
    "@types/is-buffer": {
      "version": "2.0.2",
      "resolved": "https://registry.npmjs.org/@types/is-buffer/-/is-buffer-2.0.2.tgz",
      "integrity": "sha512-G6OXy83Va+xEo8XgqAJYOuvOMxeey9xM5XKkvwJNmN8rVdcB+r15HvHsG86hl86JvU0y1aa7Z2ERkNFYWw9ySg==",
      "dev": true,
      "requires": {
        "@types/node": "*"
      }
    },
    "@types/is-typedarray": {
      "version": "1.0.2",
      "resolved": "https://registry.npmjs.org/@types/is-typedarray/-/is-typedarray-1.0.2.tgz",
      "integrity": "sha512-kWcgv61Q/5brwataqKzwZOuxNLBKaHSpSnDYL6WUI0t7vhy1unEPIxn44OLvJ15c1aXDP6CApAu3R5zo4kdxYg==",
      "dev": true,
      "requires": {
        "@types/node": "*"
      }
    },
    "@types/isstream": {
      "version": "0.1.2",
      "resolved": "https://registry.npmjs.org/@types/isstream/-/isstream-0.1.2.tgz",
      "integrity": "sha512-EE11Sn7gzHEF9FGkYHTkFpPuDEamLudLvaGnBciNgH55fTYboWZHINR6MP8+CfCOjPJX08l4teRrjCY11gz1CA==",
      "dev": true
    },
    "@types/json-stringify-safe": {
      "version": "5.0.3",
      "resolved": "https://registry.npmjs.org/@types/json-stringify-safe/-/json-stringify-safe-5.0.3.tgz",
      "integrity": "sha512-oNOjRxLfPeYbBSQ60maucaFNqbslVOPU4WWs5t/sHvAh6tyo/CThXSG+E24tEzkgh/fzvxyDrYdOJufgeNy1sQ==",
      "dev": true
    },
    "@types/md5": {
      "version": "2.3.5",
      "resolved": "https://registry.npmjs.org/@types/md5/-/md5-2.3.5.tgz",
      "integrity": "sha512-/i42wjYNgE6wf0j2bcTX6kuowmdL/6PE4IVitMpm2eYKBUuYCprdcWVK+xEF0gcV6ufMCRhtxmReGfc6hIK7Jw==",
      "dev": true
    },
    "@types/merge-descriptors": {
      "version": "1.0.3",
      "resolved": "https://registry.npmjs.org/@types/merge-descriptors/-/merge-descriptors-1.0.3.tgz",
      "integrity": "sha512-ZhU/HNM9R75TO8PBn0+zDi7tbYEygeraTjDHAkGpgFFKKEj/Al4RysG+oWyrRusPRDUvctaK+SYrw1m2SdLNNQ==",
      "dev": true
    },
    "@types/mime": {
      "version": "1.3.5",
      "resolved": "https://registry.npmjs.org/@types/mime/-/mime-1.3.5.tgz",
      "integrity": "sha512-/pyBZWSLD2n0dcHE3hq8s8ZvcETHtEuF+3E7XVt0Ig2nvsVQXdghHVcEkIWjy9A0wKfTn97a/PSDYohKIlnP/w==",
      "dev": true
    },
    "@types/mime-types": {
      "version": "2.1.4",
      "resolved": "https://registry.npmjs.org/@types/mime-types/-/mime-types-2.1.4.tgz",
      "integrity": "sha512-lfU4b34HOri+kAY5UheuFMWPDOI+OPceBSHZKp69gEyTL/mmJ4cnU6Y/rlme3UL3GyOn6Y42hyIEw0/q8sWx5w==",
      "dev": true
    },
    "@types/ms": {
      "version": "0.7.34",
      "resolved": "https://registry.npmjs.org/@types/ms/-/ms-0.7.34.tgz",
      "integrity": "sha512-nG96G3Wp6acyAgJqGasjODb+acrI7KltPiRxzHPXnP3NgI28bpQDRv53olbqGXbfcgF5aiiHmO3xpwEpS5Ld9g==",
      "dev": true
    },
    "@types/node": {
      "version": "20.12.7",
      "resolved": "https://registry.npmjs.org/@types/node/-/node-20.12.7.tgz",
      "integrity": "sha512-wq0cICSkRLVaf3UGLMGItu/PtdY7oaXaI/RVU+xliKVOtRna3PRY57ZDfztpDL0n11vfymMUnXv8QwYCO7L1wg==",
      "dev": true,
      "requires": {
        "undici-types": "~5.26.4"
      }
    },
    "@types/nodemon": {
      "version": "1.19.6",
      "resolved": "https://registry.npmjs.org/@types/nodemon/-/nodemon-1.19.6.tgz",
      "integrity": "sha512-vjKuaQOLUA5EY2zkUmWG1ipXbKt9Wd+H/0SiIuHVeH4cHtt6509iRUGH9ZR0iqgUrtj3BrP9KqoTuV3ZCbQcYA==",
      "dev": true,
      "requires": {
        "@types/node": "*"
      }
    },
    "@types/qs": {
      "version": "6.9.12",
      "resolved": "https://registry.npmjs.org/@types/qs/-/qs-6.9.12.tgz",
      "integrity": "sha512-bZcOkJ6uWrL0Qb2NAWKa7TBU+mJHPzhx9jjLL1KHF+XpzEcR7EXHvjbHlGtR/IsP1vyPrehuS6XqkmaePy//mg==",
      "dev": true
    },
    "@types/range-parser": {
      "version": "1.2.7",
      "resolved": "https://registry.npmjs.org/@types/range-parser/-/range-parser-1.2.7.tgz",
      "integrity": "sha512-hKormJbkJqzQGhziax5PItDUTMAM9uE2XXQmM37dyd4hVM+5aVl7oVxMVUiVQn2oCQFN/LKCZdvSM0pFRqbSmQ==",
      "dev": true
    },
    "@types/request": {
      "version": "2.48.12",
      "resolved": "https://registry.npmjs.org/@types/request/-/request-2.48.12.tgz",
      "integrity": "sha512-G3sY+NpsA9jnwm0ixhAFQSJ3Q9JkpLZpJbI3GMv0mIAT0y3mRabYeINzal5WOChIiaTEGQYlHOKgkaM9EisWHw==",
      "dev": true,
      "requires": {
        "@types/caseless": "*",
        "@types/node": "*",
        "@types/tough-cookie": "*",
        "form-data": "^2.5.0"
      }
    },
    "@types/send": {
      "version": "0.17.4",
      "resolved": "https://registry.npmjs.org/@types/send/-/send-0.17.4.tgz",
      "integrity": "sha512-x2EM6TJOybec7c52BX0ZspPodMsQUd5L6PRwOunVyVUhXiBSKf3AezDL8Dgvgt5o0UfKNfuA0eMLr2wLT4AiBA==",
      "dev": true,
      "requires": {
        "@types/mime": "^1",
        "@types/node": "*"
      }
    },
    "@types/serve-static": {
      "version": "1.15.5",
      "resolved": "https://registry.npmjs.org/@types/serve-static/-/serve-static-1.15.5.tgz",
      "integrity": "sha512-PDRk21MnK70hja/YF8AHfC7yIsiQHn1rcXx7ijCFBX/k+XQJhQT/gw3xekXKJvx+5SXaMMS8oqQy09Mzvz2TuQ==",
      "dev": true,
      "requires": {
        "@types/http-errors": "*",
        "@types/mime": "*",
        "@types/node": "*"
      }
    },
    "@types/tough-cookie": {
      "version": "4.0.5",
      "resolved": "https://registry.npmjs.org/@types/tough-cookie/-/tough-cookie-4.0.5.tgz",
      "integrity": "sha512-/Ad8+nIOV7Rl++6f1BdKxFSMgmoqEoYbHRpPcx3JEfv8VRsQe9Z4mCXeJBzxs7mbHY/XOZZuXlRNfhpVPbs6ZA==",
      "dev": true
    },
    "@types/type-is": {
      "version": "1.6.6",
      "resolved": "https://registry.npmjs.org/@types/type-is/-/type-is-1.6.6.tgz",
      "integrity": "sha512-fs1KHv/f9OvmTMsu4sBNaUu32oyda9Y9uK25naJG8gayxNrfqGIjPQsbLIYyfe7xFkppnPlJB+BuTldOaX9bXw==",
      "dev": true,
      "requires": {
        "@types/node": "*"
      }
    },
    "asynckit": {
      "version": "0.4.0",
      "resolved": "https://registry.npmjs.org/asynckit/-/asynckit-0.4.0.tgz",
      "integrity": "sha512-Oei9OH4tRh0YqU3GxhX79dM/mwVgvbZJaSNaRk+bshkj0S5cfHcgYakreBjrHwatXKbz+IoIdYLxrKim2MjW0Q==",
      "dev": true
    },
    "combined-stream": {
      "version": "1.0.8",
      "resolved": "https://registry.npmjs.org/combined-stream/-/combined-stream-1.0.8.tgz",
      "integrity": "sha512-FQN4MRfuJeHf7cBbBMJFXhKSDq+2kAArBlmRBvcvFE5BB1HZKXtSFASDhdlz9zOYwxh8lDdnvmMOe/+5cdoEdg==",
      "dev": true,
      "requires": {
        "delayed-stream": "~1.0.0"
      }
    },
    "delayed-stream": {
      "version": "1.0.0",
      "resolved": "https://registry.npmjs.org/delayed-stream/-/delayed-stream-1.0.0.tgz",
      "integrity": "sha512-ZySD7Nf91aLB0RxL4KGrKHBXl7Eds1DAmEdcoVawXnLD7SDhpNgtuII2aAkg7a7QS41jxPSZ17p4VdGnMHk3MQ==",
      "dev": true
    },
    "form-data": {
      "version": "2.5.1",
      "resolved": "https://registry.npmjs.org/form-data/-/form-data-2.5.1.tgz",
      "integrity": "sha512-m21N3WOmEEURgk6B9GLOE4RuWOFf28Lhh9qGYeNlGq4VDXUlJy2th2slBNU8Gp8EzloYZOibZJ7t5ecIrFSjVA==",
      "dev": true,
      "requires": {
        "asynckit": "^0.4.0",
        "combined-stream": "^1.0.6",
        "mime-types": "^2.1.12"
      }
    },
    "mime-db": {
      "version": "1.52.0",
      "resolved": "https://registry.npmjs.org/mime-db/-/mime-db-1.52.0.tgz",
      "integrity": "sha512-sPU4uV7dYlvtWJxwwxHD0PuihVNiE7TyAbQ5SWxDCB9mUYvOgroQOwYQQOKPJ8CIbE+1ETVlOoK1UC2nU3gYvg==",
      "dev": true
    },
    "mime-types": {
      "version": "2.1.35",
      "resolved": "https://registry.npmjs.org/mime-types/-/mime-types-2.1.35.tgz",
      "integrity": "sha512-ZDY+bPm5zTTF+YpCrAU9nK0UgICYPT0QtT1NZWFv4s++TNkcgVaT0g6+4R2uI4MjQjzysHB1zxuWL50hzaeXiw==",
      "dev": true,
      "requires": {
        "mime-db": "1.52.0"
      }
    },
    "types-registry": {
      "version": "0.1.684",
      "resolved": "https://registry.npmjs.org/types-registry/-/types-registry-0.1.684.tgz",
      "integrity": "sha512-B6v+g9M+7IJSc1w2THOmTuRKvd/ACxZTGXM18E8MzpHWx1mGUvGGT+RXsSnxNpyqtbjWLeXj8uyyu/MxVOS3xw=="
    },
    "undici-types": {
      "version": "5.26.5",
      "resolved": "https://registry.npmjs.org/undici-types/-/undici-types-5.26.5.tgz",
      "integrity": "sha512-JlCMO+ehdEIKqlFxk6IfVoAUVmgz7cU7zD/h9XZ0qzeosSHmUJVOzSQvvYSYWXkFXC+IfLKSIffhv0sVZup6pA==",
      "dev": true
    }
  }
}
